
Microsoft Visual Studio Solution File, Format Version 12.00
# Visual Studio 14
VisualStudioVersion = 14.0.25420.1
MinimumVisualStudioVersion = 10.0.40219.1
Project("{FAE04EC0-301F-11D3-BF4B-00C04F79EFBC}") = "LibraryAutomationSystem", "LibraryAutomationSystem\LibraryAutomationSystem.csproj", "{27CFB320-4CD7-44C8-9021-CF9594D15FAE}"
EndProject
Project("{FAE04EC0-301F-11D3-BF4B-00C04F79EFBC}") = "LibraryAutomationSystem.Entity", "UserEntity\LibraryAutomationSystem.Entity.csproj", "{11611316-9863-4C5A-AEF4-8708547FF662}"
EndProject
Project("{FAE04EC0-301F-11D3-BF4B-00C04F79EFBC}") = "LibraryAutomationSystem.DAL", "LibraryAutomationSystem.DAL\LibraryAutomationSystem.DAL.csproj", "{B9DCDF90-F32D-4E77-808C-BAB0E8653E12}"
EndProject
Project("{FAE04EC0-301F-11D3-BF4B-00C04F79EFBC}") = "LibraryAutomationSystem.BL", "LibraryAutomationSystem.BL\LibraryAutomationSystem.BL.csproj", "{2BF9C8D0-5A06-4820-82CD-824955CA0911}"
EndProject
Global
	GlobalSection(SolutionConfigurationPlatforms) = preSolution
		Debug|Any CPU = Debug|Any CPU
		Release|Any CPU = Release|Any CPU
	EndGlobalSection
	GlobalSection(ProjectConfigurationPlatforms) = postSolution
		{27CFB320-4CD7-44C8-9021-CF9594D15FAE}.Debug|Any CPU.ActiveCfg = Debug|Any CPU
		{27CFB320-4CD7-44C8-9021-CF9594D15FAE}.Debug|Any CPU.Build.0 = Debug|Any CPU
		{27CFB320-4CD7-44C8-9021-CF9594D15FAE}.Release|Any CPU.ActiveCfg = Release|Any CPU
		{27CFB320-4CD7-44C8-9021-CF9594D15FAE}.Release|Any CPU.Build.0 = Release|Any CPU
		{11611316-9863-4C5A-AEF4-8708547FF662}.Debug|Any CPU.ActiveCfg = Debug|Any CPU
		{11611316-9863-4C5A-AEF4-8708547FF662}.Debug|Any CPU.Build.0 = Debug|Any CPU
		{11611316-9863-4C5A-AEF4-8708547FF662}.Release|Any CPU.ActiveCfg = Release|Any CPU
		{11611316-9863-4C5A-AEF4-8708547FF662}.Release|Any CPU.Build.0 = Release|Any CPU
		{B9DCDF90-F32D-4E77-808C-BAB0E8653E12}.Debug|Any CPU.ActiveCfg = Debug|Any CPU
		{B9DCDF90-F32D-4E77-808C-BAB0E8653E12}.Debug|Any CPU.Build.0 = Debug|Any CPU
		{B9DCDF90-F32D-4E77-808C-BAB0E8653E12}.Release|Any CPU.ActiveCfg = Release|Any CPU
		{B9DCDF90-F32D-4E77-808C-BAB0E8653E12}.Release|Any CPU.Build.0 = Release|Any CPU
		{2BF9C8D0-5A06-4820-82CD-824955CA0911}.Debug|Any CPU.ActiveCfg = Debug|Any CPU
		{2BF9C8D0-5A06-4820-82CD-824955CA0911}.Debug|Any CPU.Build.0 = Debug|Any CPU
		{2BF9C8D0-5A06-4820-82CD-824955CA0911}.Release|Any CPU.ActiveCfg = Release|Any CPU
		{2BF9C8D0-5A06-4820-82CD-824955CA0911}.Release|Any CPU.Build.0 = Release|Any CPU
	EndGlobalSection
	GlobalSection(SolutionProperties) = preSolution
		HideSolutionNode = FALSE
	EndGlobalSection
EndGlobal
